// !$*UTF8*$!
{
	archiveVersion = 1;
	classes = {
	};
	objectVersion = 46;
	objects = {

/* Begin PBXBuildFile section */
		080485A41EF1B575006B73D4 /* AppDelegate.swift in Sources */ = {isa = PBXBuildFile; fileRef = 080485A31EF1B575006B73D4 /* AppDelegate.swift */; };
		080485A61EF1B575006B73D4 /* ViewController.swift in Sources */ = {isa = PBXBuildFile; fileRef = 080485A51EF1B575006B73D4 /* ViewController.swift */; };
		080485A91EF1B575006B73D4 /* Main.storyboard in Resources */ = {isa = PBXBuildFile; fileRef = 080485A71EF1B575006B73D4 /* Main.storyboard */; };
		080485AB1EF1B575006B73D4 /* Assets.xcassets in Resources */ = {isa = PBXBuildFile; fileRef = 080485AA1EF1B575006B73D4 /* Assets.xcassets */; };
		080485AE1EF1B575006B73D4 /* LaunchScreen.storyboard in Resources */ = {isa = PBXBuildFile; fileRef = 080485AC1EF1B575006B73D4 /* LaunchScreen.storyboard */; };
		080485B91EF1B575006B73D4 /* RealmTasksAppTests.swift in Sources */ = {isa = PBXBuildFile; fileRef = 080485B81EF1B575006B73D4 /* RealmTasksAppTests.swift */; };
/* End PBXBuildFile section */

/* Begin PBXContainerItemProxy section */
		080485B51EF1B575006B73D4 /* PBXContainerItemProxy */ = {
			isa = PBXContainerItemProxy;
			containerPortal = 080485981EF1B575006B73D4 /* Project object */;
			proxyType = 1;
			remoteGlobalIDString = 0804859F1EF1B575006B73D4;
			remoteInfo = RealmTasksApp;
		};
/* End PBXContainerItemProxy section */

/* Begin PBXFileReference section */
		080485A01EF1B575006B73D4 /* RealmTasksApp.app */ = {isa = PBXFileReference; explicitFileType = wrapper.application; includeInIndex = 0; path = RealmTasksApp.app; sourceTree = BUILT_PRODUCTS_DIR; };
		080485A31EF1B575006B73D4 /* AppDelegate.swift */ = {isa = PBXFileReference; lastKnownFileType = sourcecode.swift; path = AppDelegate.swift; sourceTree = "<group>"; };
		080485A51EF1B575006B73D4 /* ViewController.swift */ = {isa = PBXFileReference; lastKnownFileType = sourcecode.swift; path = ViewController.swift; sourceTree = "<group>"; };
		080485A81EF1B575006B73D4 /* Base */ = {isa = PBXFileReference; lastKnownFileType = file.storyboard; name = Base; path = Base.lproj/Main.storyboard; sourceTree = "<group>"; };
		080485AA1EF1B575006B73D4 /* Assets.xcassets */ = {isa = PBXFileReference; lastKnownFileType = folder.assetcatalog; path = Assets.xcassets; sourceTree = "<group>"; };
		080485AD1EF1B575006B73D4 /* Base */ = {isa = PBXFileReference; lastKnownFileType = file.storyboard; name = Base; path = Base.lproj/LaunchScreen.storyboard; sourceTree = "<group>"; };
		080485AF1EF1B575006B73D4 /* Info.plist */ = {isa = PBXFileReference; lastKnownFileType = text.plist.xml; path = Info.plist; sourceTree = "<group>"; };
		080485B41EF1B575006B73D4 /* RealmTasksAppTests.xctest */ = {isa = PBXFileReference; explicitFileType = wrapper.cfbundle; includeInIndex = 0; path = RealmTasksAppTests.xctest; sourceTree = BUILT_PRODUCTS_DIR; };
		080485B81EF1B575006B73D4 /* RealmTasksAppTests.swift */ = {isa = PBXFileReference; lastKnownFileType = sourcecode.swift; path = RealmTasksAppTests.swift; sourceTree = "<group>"; };
		080485BA1EF1B575006B73D4 /* Info.plist */ = {isa = PBXFileReference; lastKnownFileType = text.plist.xml; path = Info.plist; sourceTree = "<group>"; };
/* End PBXFileReference section */

/* Begin PBXFrameworksBuildPhase section */
		0804859D1EF1B575006B73D4 /* Frameworks */ = {
			isa = PBXFrameworksBuildPhase;
			buildActionMask = 2147483647;
			files = (
			);
			runOnlyForDeploymentPostprocessing = 0;
		};
		080485B11EF1B575006B73D4 /* Frameworks */ = {
			isa = PBXFrameworksBuildPhase;
			buildActionMask = 2147483647;
			files = (
			);
			runOnlyForDeploymentPostprocessing = 0;
		};
/* End PBXFrameworksBuildPhase section */

/* Begin PBXGroup section */
		080485971EF1B575006B73D4 = {
			isa = PBXGroup;
			children = (
				080485A21EF1B575006B73D4 /* RealmTasksApp */,
				080485B71EF1B575006B73D4 /* RealmTasksAppTests */,
				080485A11EF1B575006B73D4 /* Products */,
			);
			sourceTree = "<group>";
		};
		080485A11EF1B575006B73D4 /* Products */ = {
			isa = PBXGroup;
			children = (
				080485A01EF1B575006B73D4 /* RealmTasksApp.app */,
				080485B41EF1B575006B73D4 /* RealmTasksAppTests.xctest */,
			);
			name = Products;
			sourceTree = "<group>";
		};
		080485A21EF1B575006B73D4 /* RealmTasksApp */ = {
			isa = PBXGroup;
			children = (
				080485A31EF1B575006B73D4 /* AppDelegate.swift */,
				080485A51EF1B575006B73D4 /* ViewController.swift */,
				080485A71EF1B575006B73D4 /* Main.storyboard */,
				080485AA1EF1B575006B73D4 /* Assets.xcassets */,
				080485AC1EF1B575006B73D4 /* LaunchScreen.storyboard */,
				080485AF1EF1B575006B73D4 /* Info.plist */,
			);
			path = RealmTasksApp;
			sourceTree = "<group>";
		};
		080485B71EF1B575006B73D4 /* RealmTasksAppTests */ = {
			isa = PBXGroup;
			children = (
				080485B81EF1B575006B73D4 /* RealmTasksAppTests.swift */,
				080485BA1EF1B575006B73D4 /* Info.plist */,
			);
			path = RealmTasksAppTests;
			sourceTree = "<group>";
		};
/* End PBXGroup section */

/* Begin PBXNativeTarget section */
		0804859F1EF1B575006B73D4 /* RealmTasksApp */ = {
			isa = PBXNativeTarget;
			buildConfigurationList = 080485BD1EF1B575006B73D4 /* Build configuration list for PBXNativeTarget "RealmTasksApp" */;
			buildPhases = (
				0804859C1EF1B575006B73D4 /* Sources */,
				0804859D1EF1B575006B73D4 /* Frameworks */,
				0804859E1EF1B575006B73D4 /* Resources */,
			);
			buildRules = (
			);
			dependencies = (
			);
			name = RealmTasksApp;
			productName = RealmTasksApp;
			productReference = 080485A01EF1B575006B73D4 /* RealmTasksApp.app */;
			productType = "com.apple.product-type.application";
		};
		080485B31EF1B575006B73D4 /* RealmTasksAppTests */ = {
			isa = PBXNativeTarget;
			buildConfigurationList = 080485C01EF1B575006B73D4 /* Build configuration list for PBXNativeTarget "RealmTasksAppTests" */;
			buildPhases = (
				080485B01EF1B575006B73D4 /* Sources */,
				080485B11EF1B575006B73D4 /* Frameworks */,
				080485B21EF1B575006B73D4 /* Resources */,
			);
			buildRules = (
			);
			dependencies = (
				080485B61EF1B575006B73D4 /* PBXTargetDependency */,
			);
			name = RealmTasksAppTests;
			productName = RealmTasksAppTests;
			productReference = 080485B41EF1B575006B73D4 /* RealmTasksAppTests.xctest */;
			productType = "com.apple.product-type.bundle.unit-test";
		};
/* End PBXNativeTarget section */

/* Begin PBXProject section */
		080485981EF1B575006B73D4 /* Project object */ = {
			isa = PBXProject;
			attributes = {
				LastSwiftUpdateCheck = 0830;
				LastUpgradeCheck = 0830;
				ORGANIZATIONNAME = "Dmitryi Feschenko";
				TargetAttributes = {
					0804859F1EF1B575006B73D4 = {
						CreatedOnToolsVersion = 8.3.3;
						DevelopmentTeam = 9LP7K65RT9;
						ProvisioningStyle = Automatic;
					};
					080485B31EF1B575006B73D4 = {
						CreatedOnToolsVersion = 8.3.3;
						DevelopmentTeam = 9LP7K65RT9;
						ProvisioningStyle = Automatic;
						TestTargetID = 0804859F1EF1B575006B73D4;
					};
				};
			};
			buildConfigurationList = 0804859B1EF1B575006B73D4 /* Build configuration list for PBXProject "RealmTasksApp" */;
			compatibilityVersion = "Xcode 3.2";
			developmentRegion = English;
			hasScannedForEncodings = 0;
			knownRegions = (
				en,
				Base,
			);
			mainGroup = 080485971EF1B575006B73D4;
			productRefGroup = 080485A11EF1B575006B73D4 /* Products */;
			projectDirPath = "";
			projectRoot = "";
			targets = (
				0804859F1EF1B575006B73D4 /* RealmTasksApp */,
				080485B31EF1B575006B73D4 /* RealmTasksAppTests */,
			);
		};
/* End PBXProject section */

/* Begin PBXResourcesBuildPhase section */
		0804859E1EF1B575006B73D4 /* Resources */ = {
			isa = PBXResourcesBuildPhase;
			buildActionMask = 2147483647;
			files = (
				080485AE1EF1B575006B73D4 /* LaunchScreen.storyboard in Resources */,
				080485AB1EF1B575006B73D4 /* Assets.xcassets in Resources */,
				080485A91EF1B575006B73D4 /* Main.storyboard in Resources */,
			);
			runOnlyForDeploymentPostprocessing = 0;
		};
		080485B21EF1B575006B73D4 /* Resources */ = {
			isa = PBXResourcesBuildPhase;
			buildActionMask = 2147483647;
			files = (
			);
			runOnlyForDeploymentPostprocessing = 0;
		};
/* End PBXResourcesBuildPhase section */

/* Begin PBXSourcesBuildPhase section */
		0804859C1EF1B575006B73D4 /* Sources */ = {
			isa = PBXSourcesBuildPhase;
			buildActionMask = 2147483647;
			files = (
				080485A61EF1B575006B73D4 /* ViewController.swift in Sources */,
				080485A41EF1B575006B73D4 /* AppDelegate.swift in Sources */,
			);
			runOnlyForDeploymentPostprocessing = 0;
		};
		080485B01EF1B575006B73D4 /* Sources */ = {
			isa = PBXSourcesBuildPhase;
			buildActionMask = 2147483647;
			files = (
				080485B91EF1B575006B73D4 /* RealmTasksAppTests.swift in Sources */,
			);
			runOnlyForDeploymentPostprocessing = 0;
		};
/* End PBXSourcesBuildPhase section */

/* Begin PBXTargetDependency section */
		080485B61EF1B575006B73D4 /* PBXTargetDependency */ = {
			isa = PBXTargetDependency;
			target = 0804859F1EF1B575006B73D4 /* RealmTasksApp */;
			targetProxy = 080485B51EF1B575006B73D4 /* PBXContainerItemProxy */;
		};
/* End PBXTargetDependency section */

/* Begin PBXVariantGroup section */
		080485A71EF1B575006B73D4 /* Main.storyboard */ = {
			isa = PBXVariantGroup;
			children = (
				080485A81EF1B575006B73D4 /* Base */,
			);
			name = Main.storyboard;
			sourceTree = "<group>";
		};
		080485AC1EF1B575006B73D4 /* LaunchScreen.storyboard */ = {
			isa = PBXVariantGroup;
			children = (
				080485AD1EF1B575006B73D4 /* Base */,
			);
			name = LaunchScreen.storyboard;
			sourceTree = "<group>";
		};
/* End PBXVariantGroup section */

/* Begin XCBuildConfiguration section */
		080485BB1EF1B575006B73D4 /* Debug */ = {
			isa = XCBuildConfiguration;
			buildSettings = {
				ALWAYS_SEARCH_USER_PATHS = NO;
				CLANG_ANALYZER_NONNULL = YES;
				CLANG_ANALYZER_NUMBER_OBJECT_CONVERSION = YES_AGGRESSIVE;
				CLANG_CXX_LANGUAGE_STANDARD = "gnu++0x";
				CLANG_CXX_LIBRARY = "libc++";
				CLANG_ENABLE_MODULES = YES;
				CLANG_ENABLE_OBJC_ARC = YES;
				CLANG_WARN_BOOL_CONVERSION = YES;
				CLANG_WARN_CONSTANT_CONVERSION = YES;
				CLANG_WARN_DIRECT_OBJC_ISA_USAGE = YES_ERROR;
				CLANG_WARN_DOCUMENTATION_COMMENTS = YES;
				CLANG_WARN_EMPTY_BODY = YES;
				CLANG_WARN_ENUM_CONVERSION = YES;
				CLANG_WARN_INFINITE_RECURSION = YES;
				CLANG_WARN_INT_CONVERSION = YES;
				CLANG_WARN_OBJC_ROOT_CLASS = YES_ERROR;
				CLANG_WARN_SUSPICIOUS_MOVE = YES;
				CLANG_WARN_UNREACHABLE_CODE = YES;
				CLANG_WARN__DUPLICATE_METHOD_MATCH = YES;
				"CODE_SIGN_IDENTITY[sdk=iphoneos*]" = "iPhone Developer";
				COPY_PHASE_STRIP = NO;
				DEBUG_INFORMATION_FORMAT = dwarf;
				ENABLE_STRICT_OBJC_MSGSEND = YES;
				ENABLE_TESTABILITY = YES;
				GCC_C_LANGUAGE_STANDARD = gnu99;
				GCC_DYNAMIC_NO_PIC = NO;
				GCC_NO_COMMON_BLOCKS = YES;
				GCC_OPTIMIZATION_LEVEL = 0;
				GCC_PREPROCESSOR_DEFINITIONS = (
					"DEBUG=1",
					"$(inherited)",
				);
				GCC_WARN_64_TO_32_BIT_CONVERSION = YES;
				GCC_WARN_ABOUT_RETURN_TYPE = YES_ERROR;
				GCC_WARN_UNDECLARED_SELECTOR = YES;
				GCC_WARN_UNINITIALIZED_AUTOS = YES_AGGRESSIVE;
				GCC_WARN_UNUSED_FUNCTION = YES;
				GCC_WARN_UNUSED_VARIABLE = YES;
				IPHONEOS_DEPLOYMENT_TARGET = 10.3;
				MTL_ENABLE_DEBUG_INFO = YES;
				ONLY_ACTIVE_ARCH = YES;
				SDKROOT = iphoneos;
				SWIFT_ACTIVE_COMPILATION_CONDITIONS = DEBUG;
				SWIFT_OPTIMIZATION_LEVEL = "-Onone";
			};
			name = Debug;
		};
		080485BC1EF1B575006B73D4 /* Release */ = {
			isa = XCBuildConfiguration;
			buildSettings = {
				ALWAYS_SEARCH_USER_PATHS = NO;
				CLANG_ANALYZER_NONNULL = YES;
				CLANG_ANALYZER_NUMBER_OBJECT_CONVERSION = YES_AGGRESSIVE;
				CLANG_CXX_LANGUAGE_STANDARD = "gnu++0x";
				CLANG_CXX_LIBRARY = "libc++";
				CLANG_ENABLE_MODULES = YES;
				CLANG_ENABLE_OBJC_ARC = YES;
				CLANG_WARN_BOOL_CONVERSION = YES;
				CLANG_WARN_CONSTANT_CONVERSION = YES;
				CLANG_WARN_DIRECT_OBJC_ISA_USAGE = YES_ERROR;
				CLANG_WARN_DOCUMENTATION_COMMENTS = YES;
				CLANG_WARN_EMPTY_BODY = YES;
				CLANG_WARN_ENUM_CONVERSION = YES;
				CLANG_WARN_INFINITE_RECURSION = YES;
				CLANG_WARN_INT_CONVERSION = YES;
				CLANG_WARN_OBJC_ROOT_CLASS = YES_ERROR;
				CLANG_WARN_SUSPICIOUS_MOVE = YES;
				CLANG_WARN_UNREACHABLE_CODE = YES;
				CLANG_WARN__DUPLICATE_METHOD_MATCH = YES;
				"CODE_SIGN_IDENTITY[sdk=iphoneos*]" = "iPhone Developer";
				COPY_PHASE_STRIP = NO;
				DEBUG_INFORMATION_FORMAT = "dwarf-with-dsym";
				ENABLE_NS_ASSERTIONS = NO;
				ENABLE_STRICT_OBJC_MSGSEND = YES;
				GCC_C_LANGUAGE_STANDARD = gnu99;
				GCC_NO_COMMON_BLOCKS = YES;
				GCC_WARN_64_TO_32_BIT_CONVERSION = YES;
				GCC_WARN_ABOUT_RETURN_TYPE = YES_ERROR;
				GCC_WARN_UNDECLARED_SELECTOR = YES;
				GCC_WARN_UNINITIALIZED_AUTOS = YES_AGGRESSIVE;
				GCC_WARN_UNUSED_FUNCTION = YES;
				GCC_WARN_UNUSED_VARIABLE = YES;
				IPHONEOS_DEPLOYMENT_TARGET = 10.3;
				MTL_ENABLE_DEBUG_INFO = NO;
				SDKROOT = iphoneos;
				SWIFT_OPTIMIZATION_LEVEL = "-Owholemodule";
				VALIDATE_PRODUCT = YES;
			};
			name = Release;
		};
		080485BE1EF1B575006B73D4 /* Debug */ = {
			isa = XCBuildConfiguration;
			buildSettings = {
				ASSETCATALOG_COMPILER_APPICON_NAME = AppIcon;
				DEVELOPMENT_TEAM = 9LP7K65RT9;
				INFOPLIST_FILE = RealmTasksApp/Info.plist;
				LD_RUNPATH_SEARCH_PATHS = "$(inherited) @executable_path/Frameworks";
				PRODUCT_BUNDLE_IDENTIFIER = com.technoboom.RealmTasksApp;
				PRODUCT_NAME = "$(TARGET_NAME)";
				SWIFT_VERSION = 3.0;
			};
			name = Debug;
		};
		080485BF1EF1B575006B73D4 /* Release */ = {
			isa = XCBuildConfiguration;
			buildSettings = {
				ASSETCATALOG_COMPILER_APPICON_NAME = AppIcon;
				DEVELOPMENT_TEAM = 9LP7K65RT9;
				INFOPLIST_FILE = RealmTasksApp/Info.plist;
				LD_RUNPATH_SEARCH_PATHS = "$(inherited) @executable_path/Frameworks";
				PRODUCT_BUNDLE_IDENTIFIER = com.technoboom.RealmTasksApp;
				PRODUCT_NAME = "$(TARGET_NAME)";
				SWIFT_VERSION = 3.0;
			};
			name = Release;
		};
		080485C11EF1B575006B73D4 /* Debug */ = {
			isa = XCBuildConfiguration;
			buildSettings = {
				ALWAYS_EMBED_SWIFT_STANDARD_LIBRARIES = YES;
				BUNDLE_LOADER = "$(TEST_HOST)";
				DEVELOPMENT_TEAM = 9LP7K65RT9;
				INFOPLIST_FILE = RealmTasksAppTests/Info.plist;
				LD_RUNPATH_SEARCH_PATHS = "$(inherited) @executable_path/Frameworks @loader_path/Frameworks";
				PRODUCT_BUNDLE_IDENTIFIER = com.technoboom.RealmTasksAppTests;
				PRODUCT_NAME = "$(TARGET_NAME)";
				SWIFT_VERSION = 3.0;
				TEST_HOST = "$(BUILT_PRODUCTS_DIR)/RealmTasksApp.app/RealmTasksApp";
			};
			name = Debug;
		};
		080485C21EF1B575006B73D4 /* Release */ = {
			isa = XCBuildConfiguration;
			buildSettings = {
				ALWAYS_EMBED_SWIFT_STANDARD_LIBRARIES = YES;
				BUNDLE_LOADER = "$(TEST_HOST)";
				DEVELOPMENT_TEAM = 9LP7K65RT9;
				INFOPLIST_FILE = RealmTasksAppTests/Info.plist;
				LD_RUNPATH_SEARCH_PATHS = "$(inherited) @executable_path/Frameworks @loader_path/Frameworks";
				PRODUCT_BUNDLE_IDENTIFIER = com.technoboom.RealmTasksAppTests;
				PRODUCT_NAME = "$(TARGET_NAME)";
				SWIFT_VERSION = 3.0;
				TEST_HOST = "$(BUILT_PRODUCTS_DIR)/RealmTasksApp.app/RealmTasksApp";
			};
			name = Release;
		};
/* End XCBuildConfiguration section */

/* Begin XCConfigurationList section */
		0804859B1EF1B575006B73D4 /* Build configuration list for PBXProject "RealmTasksApp" */ = {
			isa = XCConfigurationList;
			buildConfigurations = (
				080485BB1EF1B575006B73D4 /* Debug */,
				080485BC1EF1B575006B73D4 /* Release */,
			);
			defaultConfigurationIsVisible = 0;
			defaultConfigurationName = Release;
		};
		080485BD1EF1B575006B73D4 /* Build configuration list for PBXNativeTarget "RealmTasksApp" */ = {
			isa = XCConfigurationList;
			buildConfigurations = (
				080485BE1EF1B575006B73D4 /* Debug */,
				080485BF1EF1B575006B73D4 /* Release */,
			);
			defaultConfigurationIsVisible = 0;
		};
		080485C01EF1B575006B73D4 /* Build configuration list for PBXNativeTarget "RealmTasksAppTests" */ = {
			isa = XCConfigurationList;
			buildConfigurations = (
				080485C11EF1B575006B73D4 /* Debug */,
				080485C21EF1B575006B73D4 /* Release */,
			);
			defaultConfigurationIsVisible = 0;
		};
/* End XCConfigurationList section */
	};
	rootObject = 080485981EF1B575006B73D4 /* Project object */;
}
